// !$*UTF8*$!
{
	archiveVersion = 1;
	classes = {
	};
	objectVersion = 48;
	objects = {

/* Begin PBXBuildFile section */
		052BCDC4A01DDA7DDAA5CDC6 /* Pods_PizzApp.framework in Frameworks */ = {isa = PBXBuildFile; fileRef = 078200B737BF6C6896367530 /* Pods_PizzApp.framework */; };
		5301DBF32080881800ADD90F /* AppDelegate.swift in Sources */ = {isa = PBXBuildFile; fileRef = 5301DBF22080881800ADD90F /* AppDelegate.swift */; };
		5301DBF82080881800ADD90F /* Main.storyboard in Resources */ = {isa = PBXBuildFile; fileRef = 5301DBF62080881800ADD90F /* Main.storyboard */; };
		5301DBFB2080881800ADD90F /* PizzApp.xcdatamodeld in Sources */ = {isa = PBXBuildFile; fileRef = 5301DBF92080881800ADD90F /* PizzApp.xcdatamodeld */; };
		5301DBFD2080881800ADD90F /* Assets.xcassets in Resources */ = {isa = PBXBuildFile; fileRef = 5301DBFC2080881800ADD90F /* Assets.xcassets */; };
		5301DC002080881800ADD90F /* LaunchScreen.storyboard in Resources */ = {isa = PBXBuildFile; fileRef = 5301DBFE2080881800ADD90F /* LaunchScreen.storyboard */; };
		5301DC102080963000ADD90F /* PizzaViewController.swift in Sources */ = {isa = PBXBuildFile; fileRef = 5301DC0F2080963000ADD90F /* PizzaViewController.swift */; };
		5301DC12208097E000ADD90F /* CustomPizzaCell.swift in Sources */ = {isa = PBXBuildFile; fileRef = 5301DC11208097E000ADD90F /* CustomPizzaCell.swift */; };
		5301DC162080CC1600ADD90F /* Pizza.swift in Sources */ = {isa = PBXBuildFile; fileRef = 5301DC152080CC1600ADD90F /* Pizza.swift */; };
		5301DC182080F33300ADD90F /* modelDB.swift in Sources */ = {isa = PBXBuildFile; fileRef = 5301DC172080F33300ADD90F /* modelDB.swift */; };
		5301DC1A20839BB700ADD90F /* PizzaPreviewViewController.swift in Sources */ = {isa = PBXBuildFile; fileRef = 5301DC1920839BB700ADD90F /* PizzaPreviewViewController.swift */; };
		5301DC1E2084C3AF00ADD90F /* ToppingTableViewCell.swift in Sources */ = {isa = PBXBuildFile; fileRef = 5301DC1D2084C3AF00ADD90F /* ToppingTableViewCell.swift */; };
		535566BD2091BA0100A59AF3 /* ShoppingCartViewController.swift in Sources */ = {isa = PBXBuildFile; fileRef = 535566BC2091BA0100A59AF3 /* ShoppingCartViewController.swift */; };
		535566BF2091DF1500A59AF3 /* ShoppingListTableViewCell.swift in Sources */ = {isa = PBXBuildFile; fileRef = 535566BE2091DF1500A59AF3 /* ShoppingListTableViewCell.swift */; };
		535E253820B8370F0041747A /* Version2TableViewCell.swift in Sources */ = {isa = PBXBuildFile; fileRef = 535E253620B8370F0041747A /* Version2TableViewCell.swift */; };
		535E253920B8370F0041747A /* Version2TableViewCell.xib in Resources */ = {isa = PBXBuildFile; fileRef = 535E253720B8370F0041747A /* Version2TableViewCell.xib */; };
		53FE3F4F20921A9B001492A3 /* note7.wav in Resources */ = {isa = PBXBuildFile; fileRef = 53FE3F4E20921A9A001492A3 /* note7.wav */; };
		53FE3F9B20972C8B001492A3 /* LoginViewController.swift in Sources */ = {isa = PBXBuildFile; fileRef = 53FE3F9A20972C8B001492A3 /* LoginViewController.swift */; };
		53FE3F9D20973813001492A3 /* GoogleService-Info.plist in Resources */ = {isa = PBXBuildFile; fileRef = 53FE3F9C20973813001492A3 /* GoogleService-Info.plist */; };
/* End PBXBuildFile section */

/* Begin PBXFileReference section */
		078200B737BF6C6896367530 /* Pods_PizzApp.framework */ = {isa = PBXFileReference; explicitFileType = wrapper.framework; includeInIndex = 0; path = Pods_PizzApp.framework; sourceTree = BUILT_PRODUCTS_DIR; };
		169ED325DBDFEB3413A70BF5 /* Pods-PizzApp.release.xcconfig */ = {isa = PBXFileReference; includeInIndex = 1; lastKnownFileType = text.xcconfig; name = "Pods-PizzApp.release.xcconfig"; path = "Pods/Target Support Files/Pods-PizzApp/Pods-PizzApp.release.xcconfig"; sourceTree = "<group>"; };
		5301DBEF2080881800ADD90F /* PizzApp.app */ = {isa = PBXFileReference; explicitFileType = wrapper.application; includeInIndex = 0; path = PizzApp.app; sourceTree = BUILT_PRODUCTS_DIR; };
		5301DBF22080881800ADD90F /* AppDelegate.swift */ = {isa = PBXFileReference; lastKnownFileType = sourcecode.swift; path = AppDelegate.swift; sourceTree = "<group>"; };
		5301DBF72080881800ADD90F /* Base */ = {isa = PBXFileReference; lastKnownFileType = file.storyboard; name = Base; path = Base.lproj/Main.storyboard; sourceTree = "<group>"; };
		5301DBFA2080881800ADD90F /* PizzApp.xcdatamodel */ = {isa = PBXFileReference; lastKnownFileType = wrapper.xcdatamodel; path = PizzApp.xcdatamodel; sourceTree = "<group>"; };
		5301DBFC2080881800ADD90F /* Assets.xcassets */ = {isa = PBXFileReference; lastKnownFileType = folder.assetcatalog; path = Assets.xcassets; sourceTree = "<group>"; };
		5301DBFF2080881800ADD90F /* Base */ = {isa = PBXFileReference; lastKnownFileType = file.storyboard; name = Base; path = Base.lproj/LaunchScreen.storyboard; sourceTree = "<group>"; };
		5301DC012080881800ADD90F /* Info.plist */ = {isa = PBXFileReference; lastKnownFileType = text.plist.xml; path = Info.plist; sourceTree = "<group>"; };
		5301DC0F2080963000ADD90F /* PizzaViewController.swift */ = {isa = PBXFileReference; lastKnownFileType = sourcecode.swift; path = PizzaViewController.swift; sourceTree = "<group>"; };
		5301DC11208097E000ADD90F /* CustomPizzaCell.swift */ = {isa = PBXFileReference; lastKnownFileType = sourcecode.swift; path = CustomPizzaCell.swift; sourceTree = "<group>"; };
		5301DC152080CC1600ADD90F /* Pizza.swift */ = {isa = PBXFileReference; lastKnownFileType = sourcecode.swift; path = Pizza.swift; sourceTree = "<group>"; };
		5301DC172080F33300ADD90F /* modelDB.swift */ = {isa = PBXFileReference; lastKnownFileType = sourcecode.swift; path = modelDB.swift; sourceTree = "<group>"; };
		5301DC1920839BB700ADD90F /* PizzaPreviewViewController.swift */ = {isa = PBXFileReference; lastKnownFileType = sourcecode.swift; path = PizzaPreviewViewController.swift; sourceTree = "<group>"; };
		5301DC1D2084C3AF00ADD90F /* ToppingTableViewCell.swift */ = {isa = PBXFileReference; lastKnownFileType = sourcecode.swift; path = ToppingTableViewCell.swift; sourceTree = "<group>"; };
		535566BC2091BA0100A59AF3 /* ShoppingCartViewController.swift */ = {isa = PBXFileReference; lastKnownFileType = sourcecode.swift; path = ShoppingCartViewController.swift; sourceTree = "<group>"; };
		535566BE2091DF1500A59AF3 /* ShoppingListTableViewCell.swift */ = {isa = PBXFileReference; lastKnownFileType = sourcecode.swift; path = ShoppingListTableViewCell.swift; sourceTree = "<group>"; };
		535E253620B8370F0041747A /* Version2TableViewCell.swift */ = {isa = PBXFileReference; lastKnownFileType = sourcecode.swift; path = Version2TableViewCell.swift; sourceTree = "<group>"; };
		535E253720B8370F0041747A /* Version2TableViewCell.xib */ = {isa = PBXFileReference; lastKnownFileType = file.xib; path = Version2TableViewCell.xib; sourceTree = "<group>"; };
		53FE3F4E20921A9A001492A3 /* note7.wav */ = {isa = PBXFileReference; lastKnownFileType = audio.wav; path = note7.wav; sourceTree = "<group>"; };
		53FE3F9A20972C8B001492A3 /* LoginViewController.swift */ = {isa = PBXFileReference; lastKnownFileType = sourcecode.swift; path = LoginViewController.swift; sourceTree = "<group>"; };
		53FE3F9C20973813001492A3 /* GoogleService-Info.plist */ = {isa = PBXFileReference; fileEncoding = 4; lastKnownFileType = text.plist.xml; path = "GoogleService-Info.plist"; sourceTree = "<group>"; };
		DAE700847EBD72CB2A026375 /* Pods-PizzApp.debug.xcconfig */ = {isa = PBXFileReference; includeInIndex = 1; lastKnownFileType = text.xcconfig; name = "Pods-PizzApp.debug.xcconfig"; path = "Pods/Target Support Files/Pods-PizzApp/Pods-PizzApp.debug.xcconfig"; sourceTree = "<group>"; };
/* End PBXFileReference section */

/* Begin PBXFrameworksBuildPhase section */
		5301DBEC2080881800ADD90F /* Frameworks */ = {
			isa = PBXFrameworksBuildPhase;
			buildActionMask = 2147483647;
			files = (
				052BCDC4A01DDA7DDAA5CDC6 /* Pods_PizzApp.framework in Frameworks */,
			);
			runOnlyForDeploymentPostprocessing = 0;
		};
/* End PBXFrameworksBuildPhase section */

/* Begin PBXGroup section */
		5301DBE62080881800ADD90F = {
			isa = PBXGroup;
			children = (
				535E253A20B837330041747A /* Cells */,
				5301DBF12080881800ADD90F /* PizzApp */,
				5301DBF02080881800ADD90F /* Products */,
				B02CF48858B059DAA531F659 /* Pods */,
				A2DC04834F78E1268B9506B0 /* Frameworks */,
			);
			sourceTree = "<group>";
		};
		5301DBF02080881800ADD90F /* Products */ = {
			isa = PBXGroup;
			children = (
				5301DBEF2080881800ADD90F /* PizzApp.app */,
			);
			name = Products;
			sourceTree = "<group>";
		};
		5301DBF12080881800ADD90F /* PizzApp */ = {
			isa = PBXGroup;
			children = (
				5301DBF22080881800ADD90F /* AppDelegate.swift */,
				5301DBF62080881800ADD90F /* Main.storyboard */,
				53FE3F9A20972C8B001492A3 /* LoginViewController.swift */,
				5301DC11208097E000ADD90F /* CustomPizzaCell.swift */,
				5301DC0F2080963000ADD90F /* PizzaViewController.swift */,
				5301DC1920839BB700ADD90F /* PizzaPreviewViewController.swift */,
				535566BC2091BA0100A59AF3 /* ShoppingCartViewController.swift */,
				535566BE2091DF1500A59AF3 /* ShoppingListTableViewCell.swift */,
				5301DC152080CC1600ADD90F /* Pizza.swift */,
				5301DC172080F33300ADD90F /* modelDB.swift */,
				5301DC1D2084C3AF00ADD90F /* ToppingTableViewCell.swift */,
				5301DBFE2080881800ADD90F /* LaunchScreen.storyboard */,
				5301DC012080881800ADD90F /* Info.plist */,
				53FE3F9C20973813001492A3 /* GoogleService-Info.plist */,
				5301DBF92080881800ADD90F /* PizzApp.xcdatamodeld */,
				5301DBFC2080881800ADD90F /* Assets.xcassets */,
				53FE3F4E20921A9A001492A3 /* note7.wav */,
			);
			path = PizzApp;
			sourceTree = "<group>";
		};
		535E253A20B837330041747A /* Cells */ = {
			isa = PBXGroup;
			children = (
				535E253620B8370F0041747A /* Version2TableViewCell.swift */,
				535E253720B8370F0041747A /* Version2TableViewCell.xib */,
			);
			path = Cells;
			sourceTree = "<group>";
		};
		A2DC04834F78E1268B9506B0 /* Frameworks */ = {
			isa = PBXGroup;
			children = (
				078200B737BF6C6896367530 /* Pods_PizzApp.framework */,
			);
			name = Frameworks;
			sourceTree = "<group>";
		};
		B02CF48858B059DAA531F659 /* Pods */ = {
			isa = PBXGroup;
			children = (
				DAE700847EBD72CB2A026375 /* Pods-PizzApp.debug.xcconfig */,
				169ED325DBDFEB3413A70BF5 /* Pods-PizzApp.release.xcconfig */,
			);
			name = Pods;
			sourceTree = "<group>";
		};
/* End PBXGroup section */

/* Begin PBXNativeTarget section */
		5301DBEE2080881800ADD90F /* PizzApp */ = {
			isa = PBXNativeTarget;
			buildConfigurationList = 5301DC042080881800ADD90F /* Build configuration list for PBXNativeTarget "PizzApp" */;
			buildPhases = (
				4E5A2FA15698393AF39C38E5 /* [CP] Check Pods Manifest.lock */,
				5301DBEB2080881800ADD90F /* Sources */,
				5301DBEC2080881800ADD90F /* Frameworks */,
				5301DBED2080881800ADD90F /* Resources */,
				FB5D76D715FBB9CD78D7178A /* [CP] Embed Pods Frameworks */,
				022FD3E1E41098EFD2B01288 /* [CP] Copy Pods Resources */,
			);
			buildRules = (
			);
			dependencies = (
			);
			name = PizzApp;
			productName = PizzApp;
			productReference = 5301DBEF2080881800ADD90F /* PizzApp.app */;
			productType = "com.apple.product-type.application";
		};
/* End PBXNativeTarget section */

/* Begin PBXProject section */
		5301DBE72080881800ADD90F /* Project object */ = {
			isa = PBXProject;
			attributes = {
				LastSwiftUpdateCheck = 0920;
				LastUpgradeCheck = 0930;
				ORGANIZATIONNAME = "Mani Sedighi";
				TargetAttributes = {
					5301DBEE2080881800ADD90F = {
						CreatedOnToolsVersion = 9.2;
						ProvisioningStyle = Automatic;
					};
				};
			};
			buildConfigurationList = 5301DBEA2080881800ADD90F /* Build configuration list for PBXProject "PizzApp" */;
			compatibilityVersion = "Xcode 8.0";
			developmentRegion = en;
			hasScannedForEncodings = 0;
			knownRegions = (
				en,
				Base,
			);
			mainGroup = 5301DBE62080881800ADD90F;
			productRefGroup = 5301DBF02080881800ADD90F /* Products */;
			projectDirPath = "";
			projectRoot = "";
			targets = (
				5301DBEE2080881800ADD90F /* PizzApp */,
			);
		};
/* End PBXProject section */

/* Begin PBXResourcesBuildPhase section */
		5301DBED2080881800ADD90F /* Resources */ = {
			isa = PBXResourcesBuildPhase;
			buildActionMask = 2147483647;
			files = (
				5301DC002080881800ADD90F /* LaunchScreen.storyboard in Resources */,
				5301DBFD2080881800ADD90F /* Assets.xcassets in Resources */,
				53FE3F9D20973813001492A3 /* GoogleService-Info.plist in Resources */,
				535E253920B8370F0041747A /* Version2TableViewCell.xib in Resources */,
				53FE3F4F20921A9B001492A3 /* note7.wav in Resources */,
				5301DBF82080881800ADD90F /* Main.storyboard in Resources */,
			);
			runOnlyForDeploymentPostprocessing = 0;
		};
/* End PBXResourcesBuildPhase section */

/* Begin PBXShellScriptBuildPhase section */
		022FD3E1E41098EFD2B01288 /* [CP] Copy Pods Resources */ = {
			isa = PBXShellScriptBuildPhase;
			buildActionMask = 2147483647;
			files = (
			);
			inputPaths = (
			);
			name = "[CP] Copy Pods Resources";
			outputPaths = (
			);
			runOnlyForDeploymentPostprocessing = 0;
			shellPath = /bin/sh;
			shellScript = "\"${SRCROOT}/Pods/Target Support Files/Pods-PizzApp/Pods-PizzApp-resources.sh\"\n";
			showEnvVarsInLog = 0;
		};
		4E5A2FA15698393AF39C38E5 /* [CP] Check Pods Manifest.lock */ = {
			isa = PBXShellScriptBuildPhase;
			buildActionMask = 2147483647;
			files = (
			);
			inputPaths = (
				"${PODS_PODFILE_DIR_PATH}/Podfile.lock",
				"${PODS_ROOT}/Manifest.lock",
			);
			name = "[CP] Check Pods Manifest.lock";
			outputPaths = (
				"$(DERIVED_FILE_DIR)/Pods-PizzApp-checkManifestLockResult.txt",
			);
			runOnlyForDeploymentPostprocessing = 0;
			shellPath = /bin/sh;
			shellScript = "diff \"${PODS_PODFILE_DIR_PATH}/Podfile.lock\" \"${PODS_ROOT}/Manifest.lock\" > /dev/null\nif [ $? != 0 ] ; then\n    # print error to STDERR\n    echo \"error: The sandbox is not in sync with the Podfile.lock. Run 'pod install' or update your CocoaPods installation.\" >&2\n    exit 1\nfi\n# This output is used by Xcode 'outputs' to avoid re-running this script phase.\necho \"SUCCESS\" > \"${SCRIPT_OUTPUT_FILE_0}\"\n";
			showEnvVarsInLog = 0;
		};
		FB5D76D715FBB9CD78D7178A /* [CP] Embed Pods Frameworks */ = {
			isa = PBXShellScriptBuildPhase;
			buildActionMask = 2147483647;
			files = (
			);
			inputPaths = (
				"${SRCROOT}/Pods/Target Support Files/Pods-PizzApp/Pods-PizzApp-frameworks.sh",
				"${BUILT_PRODUCTS_DIR}/GTMSessionFetcher/GTMSessionFetcher.framework",
				"${BUILT_PRODUCTS_DIR}/GoogleToolboxForMac/GoogleToolboxForMac.framework",
				"${BUILT_PRODUCTS_DIR}/leveldb-library/leveldb.framework",
				"${BUILT_PRODUCTS_DIR}/nanopb/nanopb.framework",
			);
			name = "[CP] Embed Pods Frameworks";
			outputPaths = (
				"${TARGET_BUILD_DIR}/${FRAMEWORKS_FOLDER_PATH}/GTMSessionFetcher.framework",
				"${TARGET_BUILD_DIR}/${FRAMEWORKS_FOLDER_PATH}/GoogleToolboxForMac.framework",
				"${TARGET_BUILD_DIR}/${FRAMEWORKS_FOLDER_PATH}/leveldb.framework",
				"${TARGET_BUILD_DIR}/${FRAMEWORKS_FOLDER_PATH}/nanopb.framework",
			);
			runOnlyForDeploymentPostprocessing = 0;
			shellPath = /bin/sh;
			shellScript = "\"${SRCROOT}/Pods/Target Support Files/Pods-PizzApp/Pods-PizzApp-frameworks.sh\"\n";
			showEnvVarsInLog = 0;
		};
/* End PBXShellScriptBuildPhase section */

/* Begin PBXSourcesBuildPhase section */
		5301DBEB2080881800ADD90F /* Sources */ = {
			isa = PBXSourcesBuildPhase;
			buildActionMask = 2147483647;
			files = (
				53FE3F9B20972C8B001492A3 /* LoginViewController.swift in Sources */,
				535566BF2091DF1500A59AF3 /* ShoppingListTableViewCell.swift in Sources */,
				5301DC102080963000ADD90F /* PizzaViewController.swift in Sources */,
				5301DC162080CC1600ADD90F /* Pizza.swift in Sources */,
				5301DBF32080881800ADD90F /* AppDelegate.swift in Sources */,
				535566BD2091BA0100A59AF3 /* ShoppingCartViewController.swift in Sources */,
				5301DC1A20839BB700ADD90F /* PizzaPreviewViewController.swift in Sources */,
				5301DC182080F33300ADD90F /* modelDB.swift in Sources */,
				5301DC12208097E000ADD90F /* CustomPizzaCell.swift in Sources */,
				535E253820B8370F0041747A /* Version2TableViewCell.swift in Sources */,
				5301DBFB2080881800ADD90F /* PizzApp.xcdatamodeld in Sources */,
				5301DC1E2084C3AF00ADD90F /* ToppingTableViewCell.swift in Sources */,
			);
			runOnlyForDeploymentPostprocessing = 0;
		};
/* End PBXSourcesBuildPhase section */

/* Begin PBXVariantGroup section */
		5301DBF62080881800ADD90F /* Main.storyboard */ = {
			isa = PBXVariantGroup;
			children = (
				5301DBF72080881800ADD90F /* Base */,
			);
			name = Main.storyboard;
			sourceTree = "<group>";
		};
		5301DBFE2080881800ADD90F /* LaunchScreen.storyboard */ = {
			isa = PBXVariantGroup;
			children = (
				5301DBFF2080881800ADD90F /* Base */,
			);
			name = LaunchScreen.storyboard;
			sourceTree = "<group>";
		};
/* End PBXVariantGroup section */

/* Begin XCBuildConfiguration section */
		5301DC022080881800ADD90F /* Debug */ = {
			isa = XCBuildConfiguration;
			buildSettings = {
				ALWAYS_SEARCH_USER_PATHS = NO;
				CLANG_ANALYZER_NONNULL = YES;
				CLANG_ANALYZER_NUMBER_OBJECT_CONVERSION = YES_AGGRESSIVE;
				CLANG_CXX_LANGUAGE_STANDARD = "gnu++14";
				CLANG_CXX_LIBRARY = "libc++";
				CLANG_ENABLE_MODULES = YES;
				CLANG_ENABLE_OBJC_ARC = YES;
				CLANG_WARN_BLOCK_CAPTURE_AUTORELEASING = YES;
				CLANG_WARN_BOOL_CONVERSION = YES;
				CLANG_WARN_COMMA = YES;
				CLANG_WARN_CONSTANT_CONVERSION = YES;
				CLANG_WARN_DEPRECATED_OBJC_IMPLEMENTATIONS = YES;
				CLANG_WARN_DIRECT_OBJC_ISA_USAGE = YES_ERROR;
				CLANG_WARN_DOCUMENTATION_COMMENTS = YES;
				CLANG_WARN_EMPTY_BODY = YES;
				CLANG_WARN_ENUM_CONVERSION = YES;
				CLANG_WARN_INFINITE_RECURSION = YES;
				CLANG_WARN_INT_CONVERSION = YES;
				CLANG_WARN_NON_LITERAL_NULL_CONVERSION = YES;
				CLANG_WARN_OBJC_IMPLICIT_RETAIN_SELF = YES;
				CLANG_WARN_OBJC_LITERAL_CONVERSION = YES;
				CLANG_WARN_OBJC_ROOT_CLASS = YES_ERROR;
				CLANG_WARN_RANGE_LOOP_ANALYSIS = YES;
				CLANG_WARN_STRICT_PROTOTYPES = YES;
				CLANG_WARN_SUSPICIOUS_MOVE = YES;
				CLANG_WARN_UNGUARDED_AVAILABILITY = YES_AGGRESSIVE;
				CLANG_WARN_UNREACHABLE_CODE = YES;
				CLANG_WARN__DUPLICATE_METHOD_MATCH = YES;
				CODE_SIGN_IDENTITY = "iPhone Developer";
				COPY_PHASE_STRIP = NO;
				DEBUG_INFORMATION_FORMAT = dwarf;
				ENABLE_STRICT_OBJC_MSGSEND = YES;
				ENABLE_TESTABILITY = YES;
				GCC_C_LANGUAGE_STANDARD = gnu11;
				GCC_DYNAMIC_NO_PIC = NO;
				GCC_NO_COMMON_BLOCKS = YES;
				GCC_OPTIMIZATION_LEVEL = 0;
				GCC_PREPROCESSOR_DEFINITIONS = (
					"DEBUG=1",
					"$(inherited)",
				);
				GCC_WARN_64_TO_32_BIT_CONVERSION = YES;
				GCC_WARN_ABOUT_RETURN_TYPE = YES_ERROR;
				GCC_WARN_UNDECLARED_SELECTOR = YES;
				GCC_WARN_UNINITIALIZED_AUTOS = YES_AGGRESSIVE;
				GCC_WARN_UNUSED_FUNCTION = YES;
				GCC_WARN_UNUSED_VARIABLE = YES;
				IPHONEOS_DEPLOYMENT_TARGET = 11.2;
				MTL_ENABLE_DEBUG_INFO = YES;
				ONLY_ACTIVE_ARCH = YES;
				SDKROOT = iphoneos;
				SWIFT_ACTIVE_COMPILATION_CONDITIONS = DEBUG;
				SWIFT_OPTIMIZATION_LEVEL = "-Onone";
			};
			name = Debug;
		};
		5301DC032080881800ADD90F /* Release */ = {
			isa = XCBuildConfiguration;
			buildSettings = {
				ALWAYS_SEARCH_USER_PATHS = NO;
				CLANG_ANALYZER_NONNULL = YES;
				CLANG_ANALYZER_NUMBER_OBJECT_CONVERSION = YES_AGGRESSIVE;
				CLANG_CXX_LANGUAGE_STANDARD = "gnu++14";
				CLANG_CXX_LIBRARY = "libc++";
				CLANG_ENABLE_MODULES = YES;
				CLANG_ENABLE_OBJC_ARC = YES;
				CLANG_WARN_BLOCK_CAPTURE_AUTORELEASING = YES;
				CLANG_WARN_BOOL_CONVERSION = YES;
				CLANG_WARN_COMMA = YES;
				CLANG_WARN_CONSTANT_CONVERSION = YES;
				CLANG_WARN_DEPRECATED_OBJC_IMPLEMENTATIONS = YES;
				CLANG_WARN_DIRECT_OBJC_ISA_USAGE = YES_ERROR;
				CLANG_WARN_DOCUMENTATION_COMMENTS = YES;
				CLANG_WARN_EMPTY_BODY = YES;
				CLANG_WARN_ENUM_CONVERSION = YES;
				CLANG_WARN_INFINITE_RECURSION = YES;
				CLANG_WARN_INT_CONVERSION = YES;
				CLANG_WARN_NON_LITERAL_NULL_CONVERSION = YES;
				CLANG_WARN_OBJC_IMPLICIT_RETAIN_SELF = YES;
				CLANG_WARN_OBJC_LITERAL_CONVERSION = YES;
				CLANG_WARN_OBJC_ROOT_CLASS = YES_ERROR;
				CLANG_WARN_RANGE_LOOP_ANALYSIS = YES;
				CLANG_WARN_STRICT_PROTOTYPES = YES;
				CLANG_WARN_SUSPICIOUS_MOVE = YES;
				CLANG_WARN_UNGUARDED_AVAILABILITY = YES_AGGRESSIVE;
				CLANG_WARN_UNREACHABLE_CODE = YES;
				CLANG_WARN__DUPLICATE_METHOD_MATCH = YES;
				CODE_SIGN_IDENTITY = "iPhone Developer";
				COPY_PHASE_STRIP = NO;
				DEBUG_INFORMATION_FORMAT = "dwarf-with-dsym";
				ENABLE_NS_ASSERTIONS = NO;
				ENABLE_STRICT_OBJC_MSGSEND = YES;
				GCC_C_LANGUAGE_STANDARD = gnu11;
				GCC_NO_COMMON_BLOCKS = YES;
				GCC_WARN_64_TO_32_BIT_CONVERSION = YES;
				GCC_WARN_ABOUT_RETURN_TYPE = YES_ERROR;
				GCC_WARN_UNDECLARED_SELECTOR = YES;
				GCC_WARN_UNINITIALIZED_AUTOS = YES_AGGRESSIVE;
				GCC_WARN_UNUSED_FUNCTION = YES;
				GCC_WARN_UNUSED_VARIABLE = YES;
				IPHONEOS_DEPLOYMENT_TARGET = 11.2;
				MTL_ENABLE_DEBUG_INFO = NO;
				SDKROOT = iphoneos;
				SWIFT_OPTIMIZATION_LEVEL = "-Owholemodule";
				VALIDATE_PRODUCT = YES;
			};
			name = Release;
		};
		5301DC052080881800ADD90F /* Debug */ = {
			isa = XCBuildConfiguration;
			baseConfigurationReference = DAE700847EBD72CB2A026375 /* Pods-PizzApp.debug.xcconfig */;
			buildSettings = {
				ASSETCATALOG_COMPILER_APPICON_NAME = AppIcon;
				CODE_SIGN_STYLE = Automatic;
				DEVELOPMENT_TEAM = 59A2562242;
				INFOPLIST_FILE = PizzApp/Info.plist;
				IPHONEOS_DEPLOYMENT_TARGET = 11.3;
				LD_RUNPATH_SEARCH_PATHS = "$(inherited) @executable_path/Frameworks";
				PRODUCT_BUNDLE_IDENTIFIER = com.manisedighi.PizzApp;
				PRODUCT_NAME = "$(TARGET_NAME)";
				SWIFT_VERSION = 4.0;
				TARGETED_DEVICE_FAMILY = 1;
			};
			name = Debug;
		};
		5301DC062080881800ADD90F /* Release */ = {
			isa = XCBuildConfiguration;
			baseConfigurationReference = 169ED325DBDFEB3413A70BF5 /* Pods-PizzApp.release.xcconfig */;
			buildSettings = {
				ASSETCATALOG_COMPILER_APPICON_NAME = AppIcon;
				CODE_SIGN_STYLE = Automatic;
				DEVELOPMENT_TEAM = 59A2562242;
				INFOPLIST_FILE = PizzApp/Info.plist;
				IPHONEOS_DEPLOYMENT_TARGET = 11.3;
				LD_RUNPATH_SEARCH_PATHS = "$(inherited) @executable_path/Frameworks";
				PRODUCT_BUNDLE_IDENTIFIER = com.manisedighi.PizzApp;
				PRODUCT_NAME = "$(TARGET_NAME)";
				SWIFT_VERSION = 4.0;
				TARGETED_DEVICE_FAMILY = 1;
			};
			name = Release;
		};
/* End XCBuildConfiguration section */

/* Begin XCConfigurationList section */
		5301DBEA2080881800ADD90F /* Build configuration list for PBXProject "PizzApp" */ = {
			isa = XCConfigurationList;
			buildConfigurations = (
				5301DC022080881800ADD90F /* Debug */,
				5301DC032080881800ADD90F /* Release */,
			);
			defaultConfigurationIsVisible = 0;
			defaultConfigurationName = Release;
		};
		5301DC042080881800ADD90F /* Build configuration list for PBXNativeTarget "PizzApp" */ = {
			isa = XCConfigurationList;
			buildConfigurations = (
				5301DC052080881800ADD90F /* Debug */,
				5301DC062080881800ADD90F /* Release */,
			);
			defaultConfigurationIsVisible = 0;
			defaultConfigurationName = Release;
		};
/* End XCConfigurationList section */

/* Begin XCVersionGroup section */
		5301DBF92080881800ADD90F /* PizzApp.xcdatamodeld */ = {
			isa = XCVersionGroup;
			children = (
				5301DBFA2080881800ADD90F /* PizzApp.xcdatamodel */,
			);
			currentVersion = 5301DBFA2080881800ADD90F /* PizzApp.xcdatamodel */;
			path = PizzApp.xcdatamodeld;
			sourceTree = "<group>";
			versionGroupType = wrapper.xcdatamodel;
		};
/* End XCVersionGroup section */
	};
	rootObject = 5301DBE72080881800ADD90F /* Project object */;
}
